
Microsoft Visual Studio Solution File, Format Version 12.00
# Visual Studio 14
VisualStudioVersion = 14.0.25420.1
MinimumVisualStudioVersion = 10.0.40219.1
Project("{FAE04EC0-301F-11D3-BF4B-00C04F79EFBC}") = "NavidVehicles", "NavidVehicles\NavidVehicles.csproj", "{9008ABA4-615A-4F79-BF99-7689B017854D}"
EndProject
Project("{FAE04EC0-301F-11D3-BF4B-00C04F79EFBC}") = "NavidVehicles.Tests", "NavidVehicles.Tests\NavidVehicles.Tests.csproj", "{927A3F19-1AAB-4D45-9837-F6824CAE0126}"
EndProject
Global
	GlobalSection(SolutionConfigurationPlatforms) = preSolution
		Debug|Any CPU = Debug|Any CPU
		Release|Any CPU = Release|Any CPU
	EndGlobalSection
	GlobalSection(ProjectConfigurationPlatforms) = postSolution
		{9008ABA4-615A-4F79-BF99-7689B017854D}.Debug|Any CPU.ActiveCfg = Debug|Any CPU
		{9008ABA4-615A-4F79-BF99-7689B017854D}.Debug|Any CPU.Build.0 = Debug|Any CPU
		{9008ABA4-615A-4F79-BF99-7689B017854D}.Release|Any CPU.ActiveCfg = Release|Any CPU
		{9008ABA4-615A-4F79-BF99-7689B017854D}.Release|Any CPU.Build.0 = Release|Any CPU
		{927A3F19-1AAB-4D45-9837-F6824CAE0126}.Debug|Any CPU.ActiveCfg = Debug|Any CPU
		{927A3F19-1AAB-4D45-9837-F6824CAE0126}.Debug|Any CPU.Build.0 = Debug|Any CPU
		{927A3F19-1AAB-4D45-9837-F6824CAE0126}.Release|Any CPU.ActiveCfg = Release|Any CPU
		{927A3F19-1AAB-4D45-9837-F6824CAE0126}.Release|Any CPU.Build.0 = Release|Any CPU
	EndGlobalSection
	GlobalSection(SolutionProperties) = preSolution
		HideSolutionNode = FALSE
	EndGlobalSection
EndGlobal
